
Microsoft Visual Studio Solution File, Format Version 12.00
# Visual Studio 14
VisualStudioVersion = 14.0.24720.0
MinimumVisualStudioVersion = 10.0.40219.1
Project("{FAE04EC0-301F-11D3-BF4B-00C04F79EFBC}") = "NotarisWordAddIn2019", "NotarisWordAddIn2019\NotarisWordAddIn2019.csproj", "{B87EF830-C510-4CA1-8D36-60B1675AE170}"
	ProjectSection(ProjectDependencies) = postProject
		{4D1AC20A-18A8-48B0-9315-317A13B5D874} = {4D1AC20A-18A8-48B0-9315-317A13B5D874}
	EndProjectSection
EndProject
Project("{FAE04EC0-301F-11D3-BF4B-00C04F79EFBC}") = "MyHelper", "MyHelper\MyHelper.csproj", "{4D1AC20A-18A8-48B0-9315-317A13B5D874}"
EndProject
Global
	GlobalSection(SolutionConfigurationPlatforms) = preSolution
		Debug|Any CPU = Debug|Any CPU
		Release|Any CPU = Release|Any CPU
	EndGlobalSection
	GlobalSection(ProjectConfigurationPlatforms) = postSolution
		{B87EF830-C510-4CA1-8D36-60B1675AE170}.Debug|Any CPU.ActiveCfg = Debug|Any CPU
		{B87EF830-C510-4CA1-8D36-60B1675AE170}.Debug|Any CPU.Build.0 = Debug|Any CPU
		{B87EF830-C510-4CA1-8D36-60B1675AE170}.Release|Any CPU.ActiveCfg = Release|Any CPU
		{B87EF830-C510-4CA1-8D36-60B1675AE170}.Release|Any CPU.Build.0 = Release|Any CPU
		{4D1AC20A-18A8-48B0-9315-317A13B5D874}.Debug|Any CPU.ActiveCfg = Debug|Any CPU
		{4D1AC20A-18A8-48B0-9315-317A13B5D874}.Debug|Any CPU.Build.0 = Debug|Any CPU
		{4D1AC20A-18A8-48B0-9315-317A13B5D874}.Release|Any CPU.ActiveCfg = Release|Any CPU
		{4D1AC20A-18A8-48B0-9315-317A13B5D874}.Release|Any CPU.Build.0 = Release|Any CPU
	EndGlobalSection
	GlobalSection(SolutionProperties) = preSolution
		HideSolutionNode = FALSE
	EndGlobalSection
EndGlobal
